// !$*UTF8*$!
{
	archiveVersion = 1;
	classes = {
	};
	objectVersion = 46;
	objects = {

/* Begin PBXBuildFile section */
		15131E451BA5FA5E00667F73 /* main.c in Sources */ = {isa = PBXBuildFile; fileRef = 15131E441BA5FA5E00667F73 /* main.c */; };
/* End PBXBuildFile section */

/* Begin PBXCopyFilesBuildPhase section */
		15131E3F1BA5FA5D00667F73 /* CopyFiles */ = {
			isa = PBXCopyFilesBuildPhase;
			buildActionMask = 2147483647;
			dstPath = /usr/share/man/man1/;
			dstSubfolderSpec = 0;
			files = (
			);
			runOnlyForDeploymentPostprocessing = 1;
		};
/* End PBXCopyFilesBuildPhase section */

/* Begin PBXFileReference section */
		15131E411BA5FA5D00667F73 /* ElevatorPthreads */ = {isa = PBXFileReference; explicitFileType = "compiled.mach-o.executable"; includeInIndex = 0; path = ElevatorPthreads; sourceTree = BUILT_PRODUCTS_DIR; };
		15131E441BA5FA5E00667F73 /* main.c */ = {isa = PBXFileReference; lastKnownFileType = sourcecode.c.c; path = main.c; sourceTree = "<group>"; };
/* End PBXFileReference section */

/* Begin PBXFrameworksBuildPhase section */
		15131E3E1BA5FA5D00667F73 /* Frameworks */ = {
			isa = PBXFrameworksBuildPhase;
			buildActionMask = 2147483647;
			files = (
			);
			runOnlyForDeploymentPostprocessing = 0;
		};
/* End PBXFrameworksBuildPhase section */

/* Begin PBXGroup section */
		15131E381BA5FA5D00667F73 = {
			isa = PBXGroup;
			children = (
				15131E431BA5FA5D00667F73 /* ElevatorPthreads */,
				15131E421BA5FA5D00667F73 /* Products */,
			);
			sourceTree = "<group>";
		};
		15131E421BA5FA5D00667F73 /* Products */ = {
			isa = PBXGroup;
			children = (
				15131E411BA5FA5D00667F73 /* ElevatorPthreads */,
			);
			name = Products;
			sourceTree = "<group>";
		};
		15131E431BA5FA5D00667F73 /* ElevatorPthreads */ = {
			isa = PBXGroup;
			children = (
				15131E441BA5FA5E00667F73 /* main.c */,
			);
			path = ElevatorPthreads;
			sourceTree = "<group>";
		};
/* End PBXGroup section */

/* Begin PBXNativeTarget section */
		15131E401BA5FA5D00667F73 /* ElevatorPthreads */ = {
			isa = PBXNativeTarget;
			buildConfigurationList = 15131E481BA5FA5E00667F73 /* Build configuration list for PBXNativeTarget "ElevatorPthreads" */;
			buildPhases = (
				15131E3D1BA5FA5D00667F73 /* Sources */,
				15131E3E1BA5FA5D00667F73 /* Frameworks */,
				15131E3F1BA5FA5D00667F73 /* CopyFiles */,
			);
			buildRules = (
			);
			dependencies = (
			);
			name = ElevatorPthreads;
			productName = ElevatorPthreads;
			productReference = 15131E411BA5FA5D00667F73 /* ElevatorPthreads */;
			productType = "com.apple.product-type.tool";
		};
/* End PBXNativeTarget section */

/* Begin PBXProject section */
		15131E391BA5FA5D00667F73 /* Project object */ = {
			isa = PBXProject;
			attributes = {
				LastUpgradeCheck = 0640;
				ORGANIZATIONNAME = "Matheus Trindade";
				TargetAttributes = {
					15131E401BA5FA5D00667F73 = {
						CreatedOnToolsVersion = 6.4;
					};
				};
			};
			buildConfigurationList = 15131E3C1BA5FA5D00667F73 /* Build configuration list for PBXProject "ElevatorPthreads" */;
			compatibilityVersion = "Xcode 3.2";
			developmentRegion = English;
			hasScannedForEncodings = 0;
			knownRegions = (
				en,
			);
			mainGroup = 15131E381BA5FA5D00667F73;
			productRefGroup = 15131E421BA5FA5D00667F73 /* Products */;
			projectDirPath = "";
			projectRoot = "";
			targets = (
				15131E401BA5FA5D00667F73 /* ElevatorPthreads */,
			);
		};
/* End PBXProject section */

/* Begin PBXSourcesBuildPhase section */
		15131E3D1BA5FA5D00667F73 /* Sources */ = {
			isa = PBXSourcesBuildPhase;
			buildActionMask = 2147483647;
			files = (
				15131E451BA5FA5E00667F73 /* main.c in Sources */,
			);
			runOnlyForDeploymentPostprocessing = 0;
		};
/* End PBXSourcesBuildPhase section */

/* Begin XCBuildConfiguration section */
		15131E461BA5FA5E00667F73 /* Debug */ = {
			isa = XCBuildConfiguration;
			buildSettings = {
				ALWAYS_SEARCH_USER_PATHS = NO;
				CLANG_CXX_LANGUAGE_STANDARD = "gnu++0x";
				CLANG_CXX_LIBRARY = "libc++";
				CLANG_ENABLE_MODULES = YES;
				CLANG_ENABLE_OBJC_ARC = YES;
				CLANG_WARN_BOOL_CONVERSION = YES;
				CLANG_WARN_CONSTANT_CONVERSION = YES;
				CLANG_WARN_DIRECT_OBJC_ISA_USAGE = YES_ERROR;
				CLANG_WARN_EMPTY_BODY = YES;
				CLANG_WARN_ENUM_CONVERSION = YES;
				CLANG_WARN_INT_CONVERSION = YES;
				CLANG_WARN_OBJC_ROOT_CLASS = YES_ERROR;
				CLANG_WARN_UNREACHABLE_CODE = YES;
				CLANG_WARN__DUPLICATE_METHOD_MATCH = YES;
				COPY_PHASE_STRIP = NO;
				DEBUG_INFORMATION_FORMAT = dwarf;
				ENABLE_STRICT_OBJC_MSGSEND = YES;
				GCC_C_LANGUAGE_STANDARD = gnu99;
				GCC_DYNAMIC_NO_PIC = NO;
				GCC_NO_COMMON_BLOCKS = YES;
				GCC_OPTIMIZATION_LEVEL = 0;
				GCC_PREPROCESSOR_DEFINITIONS = (
					"DEBUG=1",
					"$(inherited)",
				);
				GCC_SYMBOLS_PRIVATE_EXTERN = NO;
				GCC_WARN_64_TO_32_BIT_CONVERSION = YES;
				GCC_WARN_ABOUT_RETURN_TYPE = YES_ERROR;
				GCC_WARN_UNDECLARED_SELECTOR = YES;
				GCC_WARN_UNINITIALIZED_AUTOS = YES_AGGRESSIVE;
				GCC_WARN_UNUSED_FUNCTION = YES;
				GCC_WARN_UNUSED_VARIABLE = YES;
				MACOSX_DEPLOYMENT_TARGET = 10.10;
				MTL_ENABLE_DEBUG_INFO = YES;
				ONLY_ACTIVE_ARCH = YES;
				SDKROOT = macosx;
			};
			name = Debug;
		};
		15131E471BA5FA5E00667F73 /* Release */ = {
			isa = XCBuildConfiguration;
			buildSettings = {
				ALWAYS_SEARCH_USER_PATHS = NO;
				CLANG_CXX_LANGUAGE_STANDARD = "gnu++0x";
				CLANG_CXX_LIBRARY = "libc++";
				CLANG_ENABLE_MODULES = YES;
				CLANG_ENABLE_OBJC_ARC = YES;
				CLANG_WARN_BOOL_CONVERSION = YES;
				CLANG_WARN_CONSTANT_CONVERSION = YES;
				CLANG_WARN_DIRECT_OBJC_ISA_USAGE = YES_ERROR;
				CLANG_WARN_EMPTY_BODY = YES;
				CLANG_WARN_ENUM_CONVERSION = YES;
				CLANG_WARN_INT_CONVERSION = YES;
				CLANG_WARN_OBJC_ROOT_CLASS = YES_ERROR;
				CLANG_WARN_UNREACHABLE_CODE = YES;
				CLANG_WARN__DUPLICATE_METHOD_MATCH = YES;
				COPY_PHASE_STRIP = NO;
				DEBUG_INFORMATION_FORMAT = "dwarf-with-dsym";
				ENABLE_NS_ASSERTIONS = NO;
				ENABLE_STRICT_OBJC_MSGSEND = YES;
				GCC_C_LANGUAGE_STANDARD = gnu99;
				GCC_NO_COMMON_BLOCKS = YES;
				GCC_WARN_64_TO_32_BIT_CONVERSION = YES;
				GCC_WARN_ABOUT_RETURN_TYPE = YES_ERROR;
				GCC_WARN_UNDECLARED_SELECTOR = YES;
				GCC_WARN_UNINITIALIZED_AUTOS = YES_AGGRESSIVE;
				GCC_WARN_UNUSED_FUNCTION = YES;
				GCC_WARN_UNUSED_VARIABLE = YES;
				MACOSX_DEPLOYMENT_TARGET = 10.10;
				MTL_ENABLE_DEBUG_INFO = NO;
				SDKROOT = macosx;
			};
			name = Release;
		};
		15131E491BA5FA5E00667F73 /* Debug */ = {
			isa = XCBuildConfiguration;
			buildSettings = {
				PRODUCT_NAME = "$(TARGET_NAME)";
			};
			name = Debug;
		};
		15131E4A1BA5FA5E00667F73 /* Release */ = {
			isa = XCBuildConfiguration;
			buildSettings = {
				PRODUCT_NAME = "$(TARGET_NAME)";
			};
			name = Release;
		};
/* End XCBuildConfiguration section */

/* Begin XCConfigurationList section */
		15131E3C1BA5FA5D00667F73 /* Build configuration list for PBXProject "ElevatorPthreads" */ = {
			isa = XCConfigurationList;
			buildConfigurations = (
				15131E461BA5FA5E00667F73 /* Debug */,
				15131E471BA5FA5E00667F73 /* Release */,
			);
			defaultConfigurationIsVisible = 0;
			defaultConfigurationName = Release;
		};
		15131E481BA5FA5E00667F73 /* Build configuration list for PBXNativeTarget "ElevatorPthreads" */ = {
			isa = XCConfigurationList;
			buildConfigurations = (
				15131E491BA5FA5E00667F73 /* Debug */,
				15131E4A1BA5FA5E00667F73 /* Release */,
			);
			defaultConfigurationIsVisible = 0;
		};
/* End XCConfigurationList section */
	};
	rootObject = 15131E391BA5FA5D00667F73 /* Project object */;
}
